github.com/google/go-cmp v0.7.0 h1:wk8382ETsv4JYUZwIsn6YpYiWiBsYLSJiTsyBybVuN8=
github.com/google/go-cmp v0.7.0/go.mod h1:pXiqmnSA92OHEEa9HXL2W4E7lf9JzCmGVUdgjX3N/iU=
github.com/mus-format/common-go v0.0.0-20260225152706-590b1bf7cb37 h1:d8d/XP3jBr8lC//l9MpIQ9jCzr49Hq6X65AH1FYk+TA=
github.com/mus-format/common-go v0.0.0-20260225152706-590b1bf7cb37/go.mod h1:G4cssLSCvTjdGear9Svw8tLTqvUFv47uOpa7VQJYsNs=
github.com/mus-format/dts-go v0.10.0 h1:xvyDEzBoygR8y2fbyQi6NnfzCkR8fuIsIlr1imYcNBg=
github.com/mus-format/dts-go v0.10.0/go.mod h1:z22SoK3SqUJ20FK5gS0Z2mZiZDmPX/BZeeUnKhF93QY=
github.com/mus-format/dts-stream-go v0.10.0 h1:BI7+wvFOn2zWfPBHOwpntR8X67AbWAcMjCfSz9tKS2Y=
github.com/mus-format/dts-stream-go v0.10.0/go.mod h1:+6Gt7zff3xwyLE1ft+7msVJnnX6YBJW5NGmrG+dmBdc=
github.com/mus-format/ext-go v0.0.0-20251026170738-8e62affd4efd h1:W/Pih58lBtVCTfqNNr6AivZ4C+a6gODyt8QAEnBy1E4=
github.com/mus-format/ext-go v0.0.0-20251026170738-8e62affd4efd/go.mod h1:6yMSKvJ9DQ/l6YdIcgFM0RYJB/Xm4ZAzj5XZoS2Cusk=
github.com/mus-format/ext-stream-go v0.0.0-20251026170954-22b4f4ae6a9b h1:8WQk9aBdJ6wPclXQjl+zGbejXUhxFYKYIWSrmjUFUnY=
github.com/mus-format/ext-stream-go v0.0.0-20251026170954-22b4f4ae6a9b/go.mod h1:AAMHunmPEOWNAuPpdNqeu1U9TtQ71TD/dwyJjE1Psfc=
github.com/mus-format/mus-go v0.8.0 h1:N9pCcrdbFJLP9ZGWX+xxRay4RkH2bYF3/7xiaXHUg10=
github.com/mus-format/mus-go v0.8.0/go.mod h1:qllF5YtnEmexO+STqVAdoPuXGsxEIcrWb/+RJ3xF/e8=
github.com/mus-format/mus-stream-go v0.8.0 h1:DdKobNixeZgBDnmfrWdGCznRg3Vnk4IW0oUc/4X7VXQ=
github.com/mus-format/mus-stream-go v0.8.0/go.mod h1:WshFyH2MuAPJzdhm2Bwp+4shmkVy3RwvLxQcY1rnbWE=
github.com/ymz-ncnk/assert v0.0.0-20260108210721-155bc9aa4282 h1:lU0oPVPOGW0BZwLwAqfSTh1yxhFbwXDv/UAYY54QTq0=
github.com/ymz-ncnk/assert v0.0.0-20260108210721-155bc9aa4282/go.mod h1:+lSOTrCyOPuvc0xuvK4uKhgQ0Ar3U/HJPpJZg73kvgE=
github.com/ymz-ncnk/fvar v0.0.0-20241027181210-3a6f93bc969e h1:q2is17SMV5sOEZluJa/Q0sTjZYmhXsPDjD6LPqYzE1Q=
github.com/ymz-ncnk/fvar v0.0.0-20241027181210-3a6f93bc969e/go.mod h1:epPjlvHUv5z0i742Y5RzB491yIHCrSq7ACd2EK3xJU8=
github.com/ymz-ncnk/mok v0.2.2 h1:MkHkli+n3Ci6Xla9e/6LApJZ6/XjLB6AB3IXDr9a7hk=
github.com/ymz-ncnk/mok v0.2.2/go.mod h1:oG5QOzlimZyay1H6edXmCSd7YmcRhAm1j7qC8QcmWzM=
golang.org/x/exp v0.0.0-20230515195305-f3d0a9c9a5cc h1:mCRnTeVUjcrhlRmO0VK8a6k6Rrf6TF9htwo2pJVSjIU=
golang.org/x/exp v0.0.0-20230515195305-f3d0a9c9a5cc/go.mod h1:V1LtkGg67GoY2N1AnLN78QLrzxkLyJw7RJb1gzOOz9w=
golang.org/x/mod v0.24.0 h1:ZfthKaKaT4NrhGVZHO1/WDTwGES4De8KtWO0SIbNJMU=
golang.org/x/mod v0.24.0/go.mod h1:IXM97Txy2VM4PJ3gI61r1YEk/gAj6zAHN3AdZt6S9Ww=
golang.org/x/sync v0.13.0 h1:AauUjRAJ9OSnvULf/ARrrVywoJDy0YS2AwQ98I37610=
golang.org/x/sync v0.13.0/go.mod h1:1dzgHSNfp02xaA81J2MS99Qcpr2w7fw1gpm99rleRqA=
golang.org/x/tools v0.32.0 h1:Q7N1vhpkQv7ybVzLFtTjvQya2ewbwNDZzUgfXGqtMWU=
golang.org/x/tools v0.32.0/go.mod h1:ZxrU41P/wAbZD8EDa6dDCa6XfpkhJ7HFMjHJXfBDu8s=
